
Microsoft Visual Studio Solution File, Format Version 11.00
# Visual Studio 2010
Project("{8BC9CEB8-8B4A-11D0-8D11-00A0C91BC942}") = "Herm(64,29)_ModiChooseError", "Herm(64,29)_ModiChooseError\Herm(64,29)_ModiChooseError.vcxproj", "{354DC400-212F-4D6D-9C28-D4C40577E6C7}"
EndProject
Global
	GlobalSection(SolutionConfigurationPlatforms) = preSolution
		Debug|Win32 = Debug|Win32
		Release|Win32 = Release|Win32
	EndGlobalSection
	GlobalSection(ProjectConfigurationPlatforms) = postSolution
		{354DC400-212F-4D6D-9C28-D4C40577E6C7}.Debug|Win32.ActiveCfg = Debug|Win32
		{354DC400-212F-4D6D-9C28-D4C40577E6C7}.Debug|Win32.Build.0 = Debug|Win32
		{354DC400-212F-4D6D-9C28-D4C40577E6C7}.Release|Win32.ActiveCfg = Release|Win32
		{354DC400-212F-4D6D-9C28-D4C40577E6C7}.Release|Win32.Build.0 = Release|Win32
	EndGlobalSection
	GlobalSection(SolutionProperties) = preSolution
		HideSolutionNode = FALSE
	EndGlobalSection
EndGlobal
