
Microsoft Visual Studio Solution File, Format Version 11.00
# Visual Studio 2010
Project("{8BC9CEB8-8B4A-11D0-8D11-00A0C91BC942}") = "[cheatingAll]RS(512,k)_LCC", "[cheatingAll]RS(512,k)_LCC\[cheatingAll]RS(512,k)_LCC.vcxproj", "{D6D1D1BA-78FA-41B6-9C56-6A70E2928615}"
EndProject
Global
	GlobalSection(SolutionConfigurationPlatforms) = preSolution
		Debug|Win32 = Debug|Win32
		Release|Win32 = Release|Win32
	EndGlobalSection
	GlobalSection(ProjectConfigurationPlatforms) = postSolution
		{D6D1D1BA-78FA-41B6-9C56-6A70E2928615}.Debug|Win32.ActiveCfg = Debug|Win32
		{D6D1D1BA-78FA-41B6-9C56-6A70E2928615}.Debug|Win32.Build.0 = Debug|Win32
		{D6D1D1BA-78FA-41B6-9C56-6A70E2928615}.Release|Win32.ActiveCfg = Release|Win32
		{D6D1D1BA-78FA-41B6-9C56-6A70E2928615}.Release|Win32.Build.0 = Release|Win32
	EndGlobalSection
	GlobalSection(SolutionProperties) = preSolution
		HideSolutionNode = FALSE
	EndGlobalSection
EndGlobal
