
Microsoft Visual Studio Solution File, Format Version 11.00
# Visual Studio 2010
Project("{8BC9CEB8-8B4A-11D0-8D11-00A0C91BC942}") = "Herm(64,47)_LCC", "Herm(64,47)_LCC\Herm(64,47)_LCC.vcxproj", "{CCD3E607-FD25-4B12-ABCA-912BA74E3372}"
EndProject
Global
	GlobalSection(SolutionConfigurationPlatforms) = preSolution
		Debug|Win32 = Debug|Win32
		Release|Win32 = Release|Win32
	EndGlobalSection
	GlobalSection(ProjectConfigurationPlatforms) = postSolution
		{CCD3E607-FD25-4B12-ABCA-912BA74E3372}.Debug|Win32.ActiveCfg = Debug|Win32
		{CCD3E607-FD25-4B12-ABCA-912BA74E3372}.Debug|Win32.Build.0 = Debug|Win32
		{CCD3E607-FD25-4B12-ABCA-912BA74E3372}.Release|Win32.ActiveCfg = Release|Win32
		{CCD3E607-FD25-4B12-ABCA-912BA74E3372}.Release|Win32.Build.0 = Release|Win32
	EndGlobalSection
	GlobalSection(SolutionProperties) = preSolution
		HideSolutionNode = FALSE
	EndGlobalSection
EndGlobal
