
Microsoft Visual Studio Solution File, Format Version 11.00
# Visual Studio 2010
Project("{8BC9CEB8-8B4A-11D0-8D11-00A0C91BC942}") = "[perfect]RS(63,15)_m=1", "[perfect]RS(63,15)_m=1\[perfect]RS(63,15)_m=1.vcxproj", "{71585D01-DDAC-49FF-BC83-F2E3D1955749}"
EndProject
Global
	GlobalSection(SolutionConfigurationPlatforms) = preSolution
		Debug|Win32 = Debug|Win32
		Release|Win32 = Release|Win32
	EndGlobalSection
	GlobalSection(ProjectConfigurationPlatforms) = postSolution
		{71585D01-DDAC-49FF-BC83-F2E3D1955749}.Debug|Win32.ActiveCfg = Debug|Win32
		{71585D01-DDAC-49FF-BC83-F2E3D1955749}.Debug|Win32.Build.0 = Debug|Win32
		{71585D01-DDAC-49FF-BC83-F2E3D1955749}.Release|Win32.ActiveCfg = Release|Win32
		{71585D01-DDAC-49FF-BC83-F2E3D1955749}.Release|Win32.Build.0 = Release|Win32
	EndGlobalSection
	GlobalSection(SolutionProperties) = preSolution
		HideSolutionNode = FALSE
	EndGlobalSection
EndGlobal
