
Microsoft Visual Studio Solution File, Format Version 11.00
# Visual Studio 2010
Project("{8BC9CEB8-8B4A-11D0-8D11-00A0C91BC942}") = "Herm_geniusSimulation", "Herm_geniusSimulation\Herm_geniusSimulation.vcxproj", "{6EFDEB6A-5184-46DA-9B61-11C039C9DD52}"
EndProject
Global
	GlobalSection(SolutionConfigurationPlatforms) = preSolution
		Debug|Win32 = Debug|Win32
		Release|Win32 = Release|Win32
	EndGlobalSection
	GlobalSection(ProjectConfigurationPlatforms) = postSolution
		{6EFDEB6A-5184-46DA-9B61-11C039C9DD52}.Debug|Win32.ActiveCfg = Debug|Win32
		{6EFDEB6A-5184-46DA-9B61-11C039C9DD52}.Debug|Win32.Build.0 = Debug|Win32
		{6EFDEB6A-5184-46DA-9B61-11C039C9DD52}.Release|Win32.ActiveCfg = Release|Win32
		{6EFDEB6A-5184-46DA-9B61-11C039C9DD52}.Release|Win32.Build.0 = Release|Win32
	EndGlobalSection
	GlobalSection(SolutionProperties) = preSolution
		HideSolutionNode = FALSE
	EndGlobalSection
EndGlobal
