
Microsoft Visual Studio Solution File, Format Version 11.00
# Visual Studio 2010
Project("{8BC9CEB8-8B4A-11D0-8D11-00A0C91BC942}") = "unencode", "unencode\unencode.vcxproj", "{EFAB0AA6-9BC4-4C8A-8C5D-8D47896FC121}"
EndProject
Global
	GlobalSection(SolutionConfigurationPlatforms) = preSolution
		Debug|Win32 = Debug|Win32
		Release|Win32 = Release|Win32
	EndGlobalSection
	GlobalSection(ProjectConfigurationPlatforms) = postSolution
		{EFAB0AA6-9BC4-4C8A-8C5D-8D47896FC121}.Debug|Win32.ActiveCfg = Debug|Win32
		{EFAB0AA6-9BC4-4C8A-8C5D-8D47896FC121}.Debug|Win32.Build.0 = Debug|Win32
		{EFAB0AA6-9BC4-4C8A-8C5D-8D47896FC121}.Release|Win32.ActiveCfg = Release|Win32
		{EFAB0AA6-9BC4-4C8A-8C5D-8D47896FC121}.Release|Win32.Build.0 = Release|Win32
	EndGlobalSection
	GlobalSection(SolutionProperties) = preSolution
		HideSolutionNode = FALSE
	EndGlobalSection
EndGlobal
