
Microsoft Visual Studio Solution File, Format Version 11.00
# Visual Studio 2010
Project("{8BC9CEB8-8B4A-11D0-8D11-00A0C91BC942}") = "RS(15,k)_LCC", "RS(15,k)_LCC\RS(15,k)_LCC.vcxproj", "{C0283588-9BEC-4953-970A-3D168C263EDF}"
EndProject
Global
	GlobalSection(SolutionConfigurationPlatforms) = preSolution
		Debug|Win32 = Debug|Win32
		Release|Win32 = Release|Win32
	EndGlobalSection
	GlobalSection(ProjectConfigurationPlatforms) = postSolution
		{C0283588-9BEC-4953-970A-3D168C263EDF}.Debug|Win32.ActiveCfg = Debug|Win32
		{C0283588-9BEC-4953-970A-3D168C263EDF}.Debug|Win32.Build.0 = Debug|Win32
		{C0283588-9BEC-4953-970A-3D168C263EDF}.Release|Win32.ActiveCfg = Release|Win32
		{C0283588-9BEC-4953-970A-3D168C263EDF}.Release|Win32.Build.0 = Release|Win32
	EndGlobalSection
	GlobalSection(SolutionProperties) = preSolution
		HideSolutionNode = FALSE
	EndGlobalSection
EndGlobal
